lockfileVersion: 5.4

specifiers:
  json2md: ^2.0.0
  lodash: ^4.17.21
  prettier: 2.8.1

devDependencies:
  json2md: 2.0.0
  lodash: 4.17.21
  prettier: 2.8.1

packages:

  /indento/1.1.13:
    resolution: {integrity: sha512-YZWk3mreBEM7sBPddsiQnW9Z8SGg/gNpFfscJq00HCDS7pxcQWWWMSVKJU7YkTRyDu1Zv2s8zaK8gQWKmCXHlg==}
    dev: true

  /json2md/2.0.0:
    resolution: {integrity: sha512-4PIMtD0zTfQZWcUId1EyHY2BQ2EG/imHWHkGFbXYPlczW8G6wPJA/BRVN3e5v6NPwFUCcoFvUsCeo6rzV2CWww==}
    dependencies:
      indento: 1.1.13
    dev: true

  /lodash/4.17.21:
    resolution: {integrity: sha512-v2kDEe57lecTulaDIuNTPy3Ry4gLGJ6Z1O3vE1krgXZNrsQ+LFTGHVxVjcXPs17LhbZVGedAJv8XZ1tvj5FvSg==}
    dev: true

  /prettier/2.8.1:
    resolution: {integrity: sha512-lqGoSJBQNJidqCHE80vqZJHWHRFoNYsSpP9AjFhlhi9ODCJA541svILes/+/1GM3VaL/abZi7cpFzOpdR9UPKg==}
    engines: {node: '>=10.13.0'}
    hasBin: true
    dev: true
