# THIS IS AN AUTOGENERATED FILE. DO NOT EDIT THIS FILE DIRECTLY.
# yarn lockfile v1


indento@^1.1.7:
  version "1.1.12"
  resolved "https://registry.yarnpkg.com/indento/-/indento-1.1.12.tgz#e95942e88e528655df33f129b6826019a1a221fd"
  integrity sha512-hWlFlRL6dd06MU5SsOZZ6kzO7t/7ZjcxWh1Yf/MjGtyKQMC8SPS5GbZ2XqMBGaGn+HM2QQawYxSLtS7Zv0w0BQ==

json2md@^1.9.1:
  version "1.9.1"
  resolved "https://registry.yarnpkg.com/json2md/-/json2md-1.9.1.tgz#d9117fbe0aec8656c936edcc36a251b6e2a7a017"
  integrity sha512-vfeMh6/fGDQCzEqb6j/vxm0CCs4xxaDAFKkSwJVCZT4ofQ7f9vumFPYoRJaJj56UuCu8i+kr96gkg6e4DNYwCg==
  dependencies:
    indento "^1.1.7"

lodash@^4.17.20:
  version "4.17.20"
  resolved "https://registry.yarnpkg.com/lodash/-/lodash-4.17.20.tgz#b44a9b6297bcb698f1c51a3545a2b3b368d59c52"
  integrity sha512-PlhdFcillOINfeV7Ni6oF1TAEayyZBoZ8bcshTHqOYJYlrqzRK5hagpagky5o4HfCzzd1TRkXPMFq6cKk9rGmA==

prettier@2.0.5:
  version "2.0.5"
  resolved "https://registry.yarnpkg.com/prettier/-/prettier-2.0.5.tgz#d6d56282455243f2f92cc1716692c08aa31522d4"
  integrity sha512-7PtVymN48hGcO4fGjybyBSIWDsLU4H4XlvOHfq91pz9kkGlonzwTfYkaIEwiRg/dAJF9YlbsduBAgtYLi+8cFg==
