# THIS IS AN AUTOGENERATED FILE. DO NOT EDIT THIS FILE DIRECTLY.
# yarn lockfile v1


indento@^1.1.7:
  version "1.1.12"
  resolved "https://registry.yarnpkg.com/indento/-/indento-1.1.12.tgz#e95942e88e528655df33f129b6826019a1a221fd"
  integrity sha512-hWlFlRL6dd06MU5SsOZZ6kzO7t/7ZjcxWh1Yf/MjGtyKQMC8SPS5GbZ2XqMBGaGn+HM2QQawYxSLtS7Zv0w0BQ==

json2md@^1.11.0:
  version "1.11.0"
  resolved "https://registry.yarnpkg.com/json2md/-/json2md-1.11.0.tgz#4484a6d1b0e37069a5e6c6fb374ddd328090ef56"
  integrity sha512-RhmW8ZpnEHxLaRJ9r9FeOYZys4p0j9OYMgkrkaJiO4Kgus2IWG/iTPTApwiiw7tLtyYj9cpztwmNYkAH0BtYDQ==
  dependencies:
    indento "^1.1.7"

lodash@^4.17.21:
  version "4.17.21"
  resolved "https://registry.yarnpkg.com/lodash/-/lodash-4.17.21.tgz#679591c564c3bffaae8454cf0b3df370c3d6911c"
  integrity sha512-v2kDEe57lecTulaDIuNTPy3Ry4gLGJ6Z1O3vE1krgXZNrsQ+LFTGHVxVjcXPs17LhbZVGedAJv8XZ1tvj5FvSg==

prettier@2.4.1:
  version "2.4.1"
  resolved "https://registry.yarnpkg.com/prettier/-/prettier-2.4.1.tgz#671e11c89c14a4cfc876ce564106c4a6726c9f5c"
  integrity sha512-9fbDAXSBcc6Bs1mZrDYb3XKzDLm4EXXL9sC1LqKP5rZkT6KRr/rf9amVUcODVXgguK/isJz0d0hP72WeaKWsvA==
