# THIS IS AN AUTOGENERATED FILE. DO NOT EDIT THIS FILE DIRECTLY.
# yarn lockfile v1


indento@^1.1.7:
  version "1.1.12"
  resolved "https://registry.yarnpkg.com/indento/-/indento-1.1.12.tgz#e95942e88e528655df33f129b6826019a1a221fd"
  integrity sha512-hWlFlRL6dd06MU5SsOZZ6kzO7t/7ZjcxWh1Yf/MjGtyKQMC8SPS5GbZ2XqMBGaGn+HM2QQawYxSLtS7Zv0w0BQ==

json2md@^1.7.0:
  version "1.7.0"
  resolved "https://registry.yarnpkg.com/json2md/-/json2md-1.7.0.tgz#aaf4bad77ec8c0e623169a288add12b6493e180e"
  integrity sha512-g/lg6H3sEeyqCTqNLn8DTsqAa2wwqUI0Y7MnZ8d6wJLMJLgsMp5mBO9hPIPPuFjv/C1vYBoKAZG8TdTfcIGZCA==
  dependencies:
    indento "^1.1.7"

lodash@^4.17.19:
  version "4.17.19"
  resolved "https://registry.yarnpkg.com/lodash/-/lodash-4.17.19.tgz#e48ddedbe30b3321783c5b4301fbd353bc1e4a4b"
  integrity sha512-JNvd8XER9GQX0v2qJgsaN/mzFCNA5BRe/j8JN9d+tWyGLSodKQHKFicdwNYzWwI3wjRnaKPsGj1XkBjx/F96DQ==

prettier@2.1.1:
  version "2.1.1"
  resolved "https://registry.yarnpkg.com/prettier/-/prettier-2.1.1.tgz#d9485dd5e499daa6cb547023b87a6cf51bee37d6"
  integrity sha512-9bY+5ZWCfqj3ghYBLxApy2zf6m+NJo5GzmLTpr9FsApsfjriNnS2dahWReHMi7qNPhhHl9SYHJs2cHZLgexNIw==
